
Microsoft Visual Studio Solution File, Format Version 11.00
# Visual Studio 2010
Project("{FAE04EC0-301F-11D3-BF4B-00C04F79EFBC}") = "Templates.MVC", "Templates.MVC\Templates.MVC.csproj", "{2F0A5F20-19E7-459E-A11A-B7876BB6D41D}"
EndProject
Global
	GlobalSection(SolutionConfigurationPlatforms) = preSolution
		Debug|Any CPU = Debug|Any CPU
		Release|Any CPU = Release|Any CPU
	EndGlobalSection
	GlobalSection(ProjectConfigurationPlatforms) = postSolution
		{2F0A5F20-19E7-459E-A11A-B7876BB6D41D}.Debug|Any CPU.ActiveCfg = Debug|Any CPU
		{2F0A5F20-19E7-459E-A11A-B7876BB6D41D}.Debug|Any CPU.Build.0 = Debug|Any CPU
		{2F0A5F20-19E7-459E-A11A-B7876BB6D41D}.Release|Any CPU.ActiveCfg = Release|Any CPU
		{2F0A5F20-19E7-459E-A11A-B7876BB6D41D}.Release|Any CPU.Build.0 = Release|Any CPU
	EndGlobalSection
	GlobalSection(SolutionProperties) = preSolution
		HideSolutionNode = FALSE
	EndGlobalSection
EndGlobal
