Microsoft Visual Studio Solution File, Format Version 12.00
# Visual Studio 2012
Project("{2150E333-8FDC-42A3-9474-1A3956D46DE8}") = "Solution Items", "Solution Items", "{B91E975D-C195-49BC-86D5-550F8DE379BD}"
	ProjectSection(SolutionItems) = preProject
		Highway.vsmdi = Highway.vsmdi
		Local.testsettings = Local.testsettings
		TraceAndTestImpact.testsettings = TraceAndTestImpact.testsettings
	EndProjectSection
EndProject
Project("{2150E333-8FDC-42A3-9474-1A3956D46DE8}") = "Lib", "Lib", "{2E42F150-A360-4315-B140-0497F701E451}"
EndProject
Project("{2150E333-8FDC-42A3-9474-1A3956D46DE8}") = "CommonServiceLocator", "CommonServiceLocator", "{E43B93A9-4EB6-4031-820C-50001889C760}"
EndProject
Project("{FAE04EC0-301F-11D3-BF4B-00C04F79EFBC}") = "Highway.Data.EntityFramework.Castle", "src\Highway.Data.EntityFramework.Castle\Highway.Data.EntityFramework.Castle.csproj", "{6459053B-3B79-48F2-936D-C5F8FDE3B2C3}"
EndProject
Project("{FAE04EC0-301F-11D3-BF4B-00C04F79EFBC}") = "Highway.Data.EntityFramework.Tests", "test\Highway.Data.EntityFramework.Tests\Highway.Data.EntityFramework.Tests.csproj", "{0867538A-4878-4554-A7DE-C90A164C1197}"
EndProject
Project("{FAE04EC0-301F-11D3-BF4B-00C04F79EFBC}") = "Highway.Data", "src\Highway.Data\Highway.Data.csproj", "{B0CA9DAB-C5D4-4AC6-97E7-725B18191B2D}"
EndProject
Project("{FAE04EC0-301F-11D3-BF4B-00C04F79EFBC}") = "Highway.Data.EntityFramework", "src\Highway.Data.EntityFramework\Highway.Data.EntityFramework.csproj", "{726C5578-4D46-46FB-A58D-352E447E672A}"
EndProject
Project("{2150E333-8FDC-42A3-9474-1A3956D46DE8}") = ".nuget", ".nuget", "{4D77A758-5608-4034-9E89-9F77B840B876}"
	ProjectSection(SolutionItems) = preProject
		.nuget\NuGet.Config = .nuget\NuGet.Config
		.nuget\NuGet.exe = .nuget\NuGet.exe
		.nuget\NuGet.targets = .nuget\NuGet.targets
	EndProjectSection
EndProject
Project("{FAE04EC0-301F-11D3-BF4B-00C04F79EFBC}") = "Highway.Data.Tests", "test\Highway.Data.Tests\Highway.Data.Tests.csproj", "{726A3CE4-CB5B-4E30-8F97-FE9705FF4F3C}"
EndProject
Project("{FAE04EC0-301F-11D3-BF4B-00C04F79EFBC}") = "Highway.Test.MSTest", "src\Highway.Test.MSTest\Highway.Test.MSTest.csproj", "{82CC3D28-F1F9-4DA3-A388-1EA3091EA3DF}"
EndProject
Project("{FAE04EC0-301F-11D3-BF4B-00C04F79EFBC}") = "Highway.Data.EntityFramework.StructureMap", "src\Highway.Data.EntityFramework.StructureMap\Highway.Data.EntityFramework.StructureMap.csproj", "{402396DA-AFB2-4E7E-92B1-6C863BBCCF64}"
EndProject
Project("{FAE04EC0-301F-11D3-BF4B-00C04F79EFBC}") = "Highway.Data.EntityFramework.StructureMap.Example", "src\Highway.Data.EntityFramework.StructureMap.Example\Highway.Data.EntityFramework.StructureMap.Example.csproj", "{F2EE810E-EDD6-4625-B90A-BA86D964C535}"
EndProject
Project("{FAE04EC0-301F-11D3-BF4B-00C04F79EFBC}") = "Highway.Data.EntityFramework.Unity", "src\Highway.Data.EntityFramework.Unity\Highway.Data.EntityFramework.Unity.csproj", "{DC695D07-9D0A-422B-B102-30A40656683F}"
EndProject
Project("{FAE04EC0-301F-11D3-BF4B-00C04F79EFBC}") = "Highway.Data.EntityFramework.Ninject", "src\Highway.Data.EntityFramework.Ninject\Highway.Data.EntityFramework.Ninject.csproj", "{B335E5E2-5FA4-45AC-B91B-80FA503987AD}"
EndProject
Project("{FAE04EC0-301F-11D3-BF4B-00C04F79EFBC}") = "Highway.Data.EntityFramework.Ninject.Example", "src\Highway.Data.EntityFramework.Ninject.Example\Highway.Data.EntityFramework.Ninject.Example.csproj", "{A2675066-5136-4486-832D-4D3118AE48D6}"
EndProject
Project("{FAE04EC0-301F-11D3-BF4B-00C04F79EFBC}") = "Highway.Data.EntityFramework.Castle.Example", "src\Highway.Data.EntityFramework.Castle.Example\Highway.Data.EntityFramework.Castle.Example.csproj", "{FC946232-C52C-4F10-9049-B24A0B7A796D}"
EndProject
Project("{FAE04EC0-301F-11D3-BF4B-00C04F79EFBC}") = "Highway.Data.EntityFramework.Unity.Example", "src\Highway.Data.EntityFramework.Unity.Example\Highway.Data.EntityFramework.Unity.Example.csproj", "{EF32FEFB-C837-448A-839D-16AE6CC80747}"
EndProject
Project("{FAE04EC0-301F-11D3-BF4B-00C04F79EFBC}") = "Highway.Data.NHibernate", "src\Highway.Data.NHibernate\Highway.Data.NHibernate.csproj", "{18C47D64-A3D9-4A2C-AD52-94A3ACB493C6}"
EndProject
Project("{FAE04EC0-301F-11D3-BF4B-00C04F79EFBC}") = "Highway.Data.RavenDB", "src\Highway.Data.RavenDB\Highway.Data.RavenDB.csproj", "{A677DDBC-6200-48EF-B7A1-70947C5E01DF}"
EndProject
Project("{FAE04EC0-301F-11D3-BF4B-00C04F79EFBC}") = "Highway.Data.RavenDB.Tests", "test\Highway.Data.RavenDB.Tests\Highway.Data.RavenDB.Tests.csproj", "{A2496791-6BC1-42BB-96DF-3334300E41AD}"
EndProject
Global
	GlobalSection(TestCaseManagementSettings) = postSolution
		CategoryFile = Highway.vsmdi
	EndGlobalSection
	GlobalSection(SolutionConfigurationPlatforms) = preSolution
		Debug|Any CPU = Debug|Any CPU
		Release|Any CPU = Release|Any CPU
	EndGlobalSection
	GlobalSection(ProjectConfigurationPlatforms) = postSolution
		{6459053B-3B79-48F2-936D-C5F8FDE3B2C3}.Debug|Any CPU.ActiveCfg = Debug|Any CPU
		{6459053B-3B79-48F2-936D-C5F8FDE3B2C3}.Debug|Any CPU.Build.0 = Debug|Any CPU
		{6459053B-3B79-48F2-936D-C5F8FDE3B2C3}.Release|Any CPU.ActiveCfg = Release|Any CPU
		{6459053B-3B79-48F2-936D-C5F8FDE3B2C3}.Release|Any CPU.Build.0 = Release|Any CPU
		{0867538A-4878-4554-A7DE-C90A164C1197}.Debug|Any CPU.ActiveCfg = Debug|Any CPU
		{0867538A-4878-4554-A7DE-C90A164C1197}.Debug|Any CPU.Build.0 = Debug|Any CPU
		{0867538A-4878-4554-A7DE-C90A164C1197}.Release|Any CPU.ActiveCfg = Release|Any CPU
		{0867538A-4878-4554-A7DE-C90A164C1197}.Release|Any CPU.Build.0 = Release|Any CPU
		{B0CA9DAB-C5D4-4AC6-97E7-725B18191B2D}.Debug|Any CPU.ActiveCfg = Debug|Any CPU
		{B0CA9DAB-C5D4-4AC6-97E7-725B18191B2D}.Debug|Any CPU.Build.0 = Debug|Any CPU
		{B0CA9DAB-C5D4-4AC6-97E7-725B18191B2D}.Release|Any CPU.ActiveCfg = Release|Any CPU
		{B0CA9DAB-C5D4-4AC6-97E7-725B18191B2D}.Release|Any CPU.Build.0 = Release|Any CPU
		{726C5578-4D46-46FB-A58D-352E447E672A}.Debug|Any CPU.ActiveCfg = Debug|Any CPU
		{726C5578-4D46-46FB-A58D-352E447E672A}.Debug|Any CPU.Build.0 = Debug|Any CPU
		{726C5578-4D46-46FB-A58D-352E447E672A}.Release|Any CPU.ActiveCfg = Release|Any CPU
		{726C5578-4D46-46FB-A58D-352E447E672A}.Release|Any CPU.Build.0 = Release|Any CPU
		{726A3CE4-CB5B-4E30-8F97-FE9705FF4F3C}.Debug|Any CPU.ActiveCfg = Debug|Any CPU
		{726A3CE4-CB5B-4E30-8F97-FE9705FF4F3C}.Debug|Any CPU.Build.0 = Debug|Any CPU
		{726A3CE4-CB5B-4E30-8F97-FE9705FF4F3C}.Release|Any CPU.ActiveCfg = Release|Any CPU
		{726A3CE4-CB5B-4E30-8F97-FE9705FF4F3C}.Release|Any CPU.Build.0 = Release|Any CPU
		{82CC3D28-F1F9-4DA3-A388-1EA3091EA3DF}.Debug|Any CPU.ActiveCfg = Debug|Any CPU
		{82CC3D28-F1F9-4DA3-A388-1EA3091EA3DF}.Debug|Any CPU.Build.0 = Debug|Any CPU
		{82CC3D28-F1F9-4DA3-A388-1EA3091EA3DF}.Release|Any CPU.ActiveCfg = Release|Any CPU
		{82CC3D28-F1F9-4DA3-A388-1EA3091EA3DF}.Release|Any CPU.Build.0 = Release|Any CPU
		{402396DA-AFB2-4E7E-92B1-6C863BBCCF64}.Debug|Any CPU.ActiveCfg = Debug|Any CPU
		{402396DA-AFB2-4E7E-92B1-6C863BBCCF64}.Debug|Any CPU.Build.0 = Debug|Any CPU
		{402396DA-AFB2-4E7E-92B1-6C863BBCCF64}.Release|Any CPU.ActiveCfg = Release|Any CPU
		{402396DA-AFB2-4E7E-92B1-6C863BBCCF64}.Release|Any CPU.Build.0 = Release|Any CPU
		{F2EE810E-EDD6-4625-B90A-BA86D964C535}.Debug|Any CPU.ActiveCfg = Debug|Any CPU
		{F2EE810E-EDD6-4625-B90A-BA86D964C535}.Debug|Any CPU.Build.0 = Debug|Any CPU
		{F2EE810E-EDD6-4625-B90A-BA86D964C535}.Release|Any CPU.ActiveCfg = Release|Any CPU
		{F2EE810E-EDD6-4625-B90A-BA86D964C535}.Release|Any CPU.Build.0 = Release|Any CPU
		{DC695D07-9D0A-422B-B102-30A40656683F}.Debug|Any CPU.ActiveCfg = Debug|Any CPU
		{DC695D07-9D0A-422B-B102-30A40656683F}.Debug|Any CPU.Build.0 = Debug|Any CPU
		{DC695D07-9D0A-422B-B102-30A40656683F}.Release|Any CPU.ActiveCfg = Release|Any CPU
		{DC695D07-9D0A-422B-B102-30A40656683F}.Release|Any CPU.Build.0 = Release|Any CPU
		{B335E5E2-5FA4-45AC-B91B-80FA503987AD}.Debug|Any CPU.ActiveCfg = Debug|Any CPU
		{B335E5E2-5FA4-45AC-B91B-80FA503987AD}.Debug|Any CPU.Build.0 = Debug|Any CPU
		{B335E5E2-5FA4-45AC-B91B-80FA503987AD}.Release|Any CPU.ActiveCfg = Release|Any CPU
		{B335E5E2-5FA4-45AC-B91B-80FA503987AD}.Release|Any CPU.Build.0 = Release|Any CPU
		{A2675066-5136-4486-832D-4D3118AE48D6}.Debug|Any CPU.ActiveCfg = Debug|Any CPU
		{A2675066-5136-4486-832D-4D3118AE48D6}.Debug|Any CPU.Build.0 = Debug|Any CPU
		{A2675066-5136-4486-832D-4D3118AE48D6}.Release|Any CPU.ActiveCfg = Release|Any CPU
		{A2675066-5136-4486-832D-4D3118AE48D6}.Release|Any CPU.Build.0 = Release|Any CPU
		{FC946232-C52C-4F10-9049-B24A0B7A796D}.Debug|Any CPU.ActiveCfg = Debug|Any CPU
		{FC946232-C52C-4F10-9049-B24A0B7A796D}.Debug|Any CPU.Build.0 = Debug|Any CPU
		{FC946232-C52C-4F10-9049-B24A0B7A796D}.Release|Any CPU.ActiveCfg = Release|Any CPU
		{FC946232-C52C-4F10-9049-B24A0B7A796D}.Release|Any CPU.Build.0 = Release|Any CPU
		{EF32FEFB-C837-448A-839D-16AE6CC80747}.Debug|Any CPU.ActiveCfg = Debug|Any CPU
		{EF32FEFB-C837-448A-839D-16AE6CC80747}.Debug|Any CPU.Build.0 = Debug|Any CPU
		{EF32FEFB-C837-448A-839D-16AE6CC80747}.Release|Any CPU.ActiveCfg = Release|Any CPU
		{EF32FEFB-C837-448A-839D-16AE6CC80747}.Release|Any CPU.Build.0 = Release|Any CPU
		{18C47D64-A3D9-4A2C-AD52-94A3ACB493C6}.Debug|Any CPU.ActiveCfg = Debug|Any CPU
		{18C47D64-A3D9-4A2C-AD52-94A3ACB493C6}.Debug|Any CPU.Build.0 = Debug|Any CPU
		{18C47D64-A3D9-4A2C-AD52-94A3ACB493C6}.Release|Any CPU.ActiveCfg = Release|Any CPU
		{18C47D64-A3D9-4A2C-AD52-94A3ACB493C6}.Release|Any CPU.Build.0 = Release|Any CPU
		{A677DDBC-6200-48EF-B7A1-70947C5E01DF}.Debug|Any CPU.ActiveCfg = Debug|Any CPU
		{A677DDBC-6200-48EF-B7A1-70947C5E01DF}.Debug|Any CPU.Build.0 = Debug|Any CPU
		{A677DDBC-6200-48EF-B7A1-70947C5E01DF}.Release|Any CPU.ActiveCfg = Release|Any CPU
		{A677DDBC-6200-48EF-B7A1-70947C5E01DF}.Release|Any CPU.Build.0 = Release|Any CPU
		{A2496791-6BC1-42BB-96DF-3334300E41AD}.Debug|Any CPU.ActiveCfg = Debug|Any CPU
		{A2496791-6BC1-42BB-96DF-3334300E41AD}.Debug|Any CPU.Build.0 = Debug|Any CPU
		{A2496791-6BC1-42BB-96DF-3334300E41AD}.Release|Any CPU.ActiveCfg = Release|Any CPU
		{A2496791-6BC1-42BB-96DF-3334300E41AD}.Release|Any CPU.Build.0 = Release|Any CPU
	EndGlobalSection
	GlobalSection(SolutionProperties) = preSolution
		HideSolutionNode = FALSE
	EndGlobalSection
	GlobalSection(NestedProjects) = preSolution
		{2E42F150-A360-4315-B140-0497F701E451} = {B91E975D-C195-49BC-86D5-550F8DE379BD}
		{E43B93A9-4EB6-4031-820C-50001889C760} = {2E42F150-A360-4315-B140-0497F701E451}
	EndGlobalSection
	GlobalSection(ExtensibilityGlobals) = postSolution
		EnterpriseLibraryConfigurationToolBinariesPath = packages\Unity.2.1.505.0\lib\NET35;packages\Unity.2.1.505.2\lib\NET35
	EndGlobalSection
EndGlobal
