Microsoft Visual Studio Solution File, Format Version 12.00
# Visual Studio 2013
VisualStudioVersion = 12.0.30501.0
MinimumVisualStudioVersion = 10.0.40219.1
Project("{2150E333-8FDC-42A3-9474-1A3956D46DE8}") = "Solution Items", "Solution Items", "{B91E975D-C195-49BC-86D5-550F8DE379BD}"
	ProjectSection(SolutionItems) = preProject
		config.html = config.html
		..\default.ps1 = ..\default.ps1
		src\Highway.Data.EntityFramework\Highway.Data.EntityFramework.nuspec = src\Highway.Data.EntityFramework\Highway.Data.EntityFramework.nuspec
		src\Highway.Data.NHibernate\Highway.Data.NHibernate.nuspec = src\Highway.Data.NHibernate\Highway.Data.NHibernate.nuspec
		src\Highway.Data\Highway.Data.nuspec = src\Highway.Data\Highway.Data.nuspec
		src\Highway.Data.RavenDB\Highway.Data.RavenDB.nuspec = src\Highway.Data.RavenDB\Highway.Data.RavenDB.nuspec
		Highway.vsmdi = Highway.vsmdi
		Local.testsettings = Local.testsettings
		TraceAndTestImpact.testsettings = TraceAndTestImpact.testsettings
	EndProjectSection
EndProject
Project("{2150E333-8FDC-42A3-9474-1A3956D46DE8}") = "Lib", "Lib", "{2E42F150-A360-4315-B140-0497F701E451}"
EndProject
Project("{2150E333-8FDC-42A3-9474-1A3956D46DE8}") = "CommonServiceLocator", "CommonServiceLocator", "{E43B93A9-4EB6-4031-820C-50001889C760}"
EndProject
Project("{FAE04EC0-301F-11D3-BF4B-00C04F79EFBC}") = "Highway.Data.EntityFramework.Tests", "test\Highway.Data.EntityFramework.Tests\Highway.Data.EntityFramework.Tests.csproj", "{0867538A-4878-4554-A7DE-C90A164C1197}"
EndProject
Project("{FAE04EC0-301F-11D3-BF4B-00C04F79EFBC}") = "Highway.Data", "src\Highway.Data\Highway.Data.csproj", "{B0CA9DAB-C5D4-4AC6-97E7-725B18191B2D}"
EndProject
Project("{FAE04EC0-301F-11D3-BF4B-00C04F79EFBC}") = "Highway.Data.EntityFramework", "src\Highway.Data.EntityFramework\Highway.Data.EntityFramework.csproj", "{726C5578-4D46-46FB-A58D-352E447E672A}"
EndProject
Project("{2150E333-8FDC-42A3-9474-1A3956D46DE8}") = ".nuget", ".nuget", "{4D77A758-5608-4034-9E89-9F77B840B876}"
	ProjectSection(SolutionItems) = preProject
		.nuget\NuGet.Config = .nuget\NuGet.Config
		.nuget\NuGet.exe = .nuget\NuGet.exe
		.nuget\NuGet.targets = .nuget\NuGet.targets
	EndProjectSection
EndProject
Project("{FAE04EC0-301F-11D3-BF4B-00C04F79EFBC}") = "Highway.Data.Tests", "test\Highway.Data.Tests\Highway.Data.Tests.csproj", "{726A3CE4-CB5B-4E30-8F97-FE9705FF4F3C}"
EndProject
Project("{2150E333-8FDC-42A3-9474-1A3956D46DE8}") = "Examples", "Examples", "{2E4A8212-4368-46F9-83A7-DF69640E579F}"
	ProjectSection(SolutionItems) = preProject
		Documentation\About Highway.md = Documentation\About Highway.md
		Documentation\Highway.Data Getting Started.md = Documentation\Highway.Data Getting Started.md
		Documentation\Highway.Data.EntityFramework Getting Started.md = Documentation\Highway.Data.EntityFramework Getting Started.md
	EndProjectSection
EndProject
Project("{FAE04EC0-301F-11D3-BF4B-00C04F79EFBC}") = "Highway.DriversEducation.GettingStarted", "Examples\Highway.DriversEducation.GettingStarted\Highway.DriversEducation.GettingStarted.csproj", "{1142034A-F0AA-44AB-A065-61A628B712DB}"
EndProject
Project("{2150E333-8FDC-42A3-9474-1A3956D46DE8}") = "Tests", "Tests", "{C3B5FB4A-FC47-46B6-9B9D-6D29460A613E}"
EndProject
Project("{FAE04EC0-301F-11D3-BF4B-00C04F79EFBC}") = "Highway.DriversEducation.GettingStarted.Exam", "Examples\Tests\Highway.DriversEducation.GettingStarted.Exam\Highway.DriversEducation.GettingStarted.Exam.csproj", "{DEC35D51-3CE1-479D-831C-D538A90AD2E0}"
EndProject
Project("{00D1A9C2-B5F0-4AF3-8072-F6C62B433612}") = "Highway.Data.Tests.Db", "test\Highway.Data.Tests.Db\Highway.Data.Tests.Db.sqlproj", "{52E5F632-D10C-4CD4-8534-FD1C481CCA76}"
EndProject
Project("{FAE04EC0-301F-11D3-BF4B-00C04F79EFBC}") = "Highway.Data.Security", "Highway.Data.Security\Highway.Data.Security.csproj", "{D6BBD313-BA23-4AD0-9EF0-26B46DCDAC54}"
EndProject
Global
	GlobalSection(SolutionConfigurationPlatforms) = preSolution
		Debug|Any CPU = Debug|Any CPU
		Release|Any CPU = Release|Any CPU
	EndGlobalSection
	GlobalSection(ProjectConfigurationPlatforms) = postSolution
		{0867538A-4878-4554-A7DE-C90A164C1197}.Debug|Any CPU.ActiveCfg = Debug|Any CPU
		{0867538A-4878-4554-A7DE-C90A164C1197}.Debug|Any CPU.Build.0 = Debug|Any CPU
		{0867538A-4878-4554-A7DE-C90A164C1197}.Release|Any CPU.ActiveCfg = Release|Any CPU
		{0867538A-4878-4554-A7DE-C90A164C1197}.Release|Any CPU.Build.0 = Release|Any CPU
		{B0CA9DAB-C5D4-4AC6-97E7-725B18191B2D}.Debug|Any CPU.ActiveCfg = Debug|Any CPU
		{B0CA9DAB-C5D4-4AC6-97E7-725B18191B2D}.Debug|Any CPU.Build.0 = Debug|Any CPU
		{B0CA9DAB-C5D4-4AC6-97E7-725B18191B2D}.Release|Any CPU.ActiveCfg = Release|Any CPU
		{B0CA9DAB-C5D4-4AC6-97E7-725B18191B2D}.Release|Any CPU.Build.0 = Release|Any CPU
		{726C5578-4D46-46FB-A58D-352E447E672A}.Debug|Any CPU.ActiveCfg = Debug|Any CPU
		{726C5578-4D46-46FB-A58D-352E447E672A}.Debug|Any CPU.Build.0 = Debug|Any CPU
		{726C5578-4D46-46FB-A58D-352E447E672A}.Release|Any CPU.ActiveCfg = Release|Any CPU
		{726C5578-4D46-46FB-A58D-352E447E672A}.Release|Any CPU.Build.0 = Release|Any CPU
		{726A3CE4-CB5B-4E30-8F97-FE9705FF4F3C}.Debug|Any CPU.ActiveCfg = Debug|Any CPU
		{726A3CE4-CB5B-4E30-8F97-FE9705FF4F3C}.Debug|Any CPU.Build.0 = Debug|Any CPU
		{726A3CE4-CB5B-4E30-8F97-FE9705FF4F3C}.Release|Any CPU.ActiveCfg = Release|Any CPU
		{726A3CE4-CB5B-4E30-8F97-FE9705FF4F3C}.Release|Any CPU.Build.0 = Release|Any CPU
		{1142034A-F0AA-44AB-A065-61A628B712DB}.Debug|Any CPU.ActiveCfg = Debug|Any CPU
		{1142034A-F0AA-44AB-A065-61A628B712DB}.Debug|Any CPU.Build.0 = Debug|Any CPU
		{1142034A-F0AA-44AB-A065-61A628B712DB}.Release|Any CPU.ActiveCfg = Release|Any CPU
		{1142034A-F0AA-44AB-A065-61A628B712DB}.Release|Any CPU.Build.0 = Release|Any CPU
		{DEC35D51-3CE1-479D-831C-D538A90AD2E0}.Debug|Any CPU.ActiveCfg = Debug|Any CPU
		{DEC35D51-3CE1-479D-831C-D538A90AD2E0}.Debug|Any CPU.Build.0 = Debug|Any CPU
		{DEC35D51-3CE1-479D-831C-D538A90AD2E0}.Release|Any CPU.ActiveCfg = Release|Any CPU
		{DEC35D51-3CE1-479D-831C-D538A90AD2E0}.Release|Any CPU.Build.0 = Release|Any CPU
		{52E5F632-D10C-4CD4-8534-FD1C481CCA76}.Debug|Any CPU.ActiveCfg = Debug|Any CPU
		{52E5F632-D10C-4CD4-8534-FD1C481CCA76}.Debug|Any CPU.Build.0 = Debug|Any CPU
		{52E5F632-D10C-4CD4-8534-FD1C481CCA76}.Debug|Any CPU.Deploy.0 = Debug|Any CPU
		{52E5F632-D10C-4CD4-8534-FD1C481CCA76}.Release|Any CPU.ActiveCfg = Release|Any CPU
		{52E5F632-D10C-4CD4-8534-FD1C481CCA76}.Release|Any CPU.Build.0 = Release|Any CPU
		{52E5F632-D10C-4CD4-8534-FD1C481CCA76}.Release|Any CPU.Deploy.0 = Release|Any CPU
		{D6BBD313-BA23-4AD0-9EF0-26B46DCDAC54}.Debug|Any CPU.ActiveCfg = Debug|Any CPU
		{D6BBD313-BA23-4AD0-9EF0-26B46DCDAC54}.Debug|Any CPU.Build.0 = Debug|Any CPU
		{D6BBD313-BA23-4AD0-9EF0-26B46DCDAC54}.Release|Any CPU.ActiveCfg = Release|Any CPU
		{D6BBD313-BA23-4AD0-9EF0-26B46DCDAC54}.Release|Any CPU.Build.0 = Release|Any CPU
	EndGlobalSection
	GlobalSection(SolutionProperties) = preSolution
		HideSolutionNode = FALSE
	EndGlobalSection
	GlobalSection(NestedProjects) = preSolution
		{2E42F150-A360-4315-B140-0497F701E451} = {B91E975D-C195-49BC-86D5-550F8DE379BD}
		{E43B93A9-4EB6-4031-820C-50001889C760} = {2E42F150-A360-4315-B140-0497F701E451}
		{1142034A-F0AA-44AB-A065-61A628B712DB} = {2E4A8212-4368-46F9-83A7-DF69640E579F}
		{C3B5FB4A-FC47-46B6-9B9D-6D29460A613E} = {2E4A8212-4368-46F9-83A7-DF69640E579F}
		{DEC35D51-3CE1-479D-831C-D538A90AD2E0} = {C3B5FB4A-FC47-46B6-9B9D-6D29460A613E}
	EndGlobalSection
	GlobalSection(ExtensibilityGlobals) = postSolution
		EnterpriseLibraryConfigurationToolBinariesPath = packages\Unity.2.1.505.0\lib\NET35;packages\Unity.2.1.505.2\lib\NET35
	EndGlobalSection
	GlobalSection(TestCaseManagementSettings) = postSolution
		CategoryFile = Highway.vsmdi
	EndGlobalSection
EndGlobal
